# This file is automatically @generated by Cargo.
# It is not intended for manual editing.
version = 3

[[package]]
name = "sophon-accel"
version = "0.1.0"
dependencies = [
 "sophon-config",
 "sophon-core",
]

[[package]]
name = "sophon-cli"
version = "0.1.0"
dependencies = [
 "sophon-config",
 "sophon-core",
 "sophon-data",
 "sophon-inference",
 "sophon-model",
 "sophon-optim",
 "sophon-quant",
 "sophon-runtime",
 "sophon-safety",
 "sophon-train",
 "sophon-verifier",
]

[[package]]
name = "sophon-config"
version = "0.1.0"

[[package]]
name = "sophon-core"
version = "0.1.0"
dependencies = [
 "sophon-config",
]

[[package]]
name = "sophon-data"
version = "0.1.0"
dependencies = [
 "sophon-config",
 "sophon-core",
]

[[package]]
name = "sophon-eval"
version = "0.1.0"
dependencies = [
 "sophon-config",
 "sophon-core",
 "sophon-memory",
 "sophon-model",
 "sophon-planner",
 "sophon-runtime",
]

[[package]]
name = "sophon-inference"
version = "0.1.0"
dependencies = [
 "sophon-config",
 "sophon-core",
 "sophon-loss",
]

[[package]]
name = "sophon-kan"
version = "0.1.0"
dependencies = [
 "sophon-config",
 "sophon-core",
]

[[package]]
name = "sophon-loss"
version = "0.1.0"
dependencies = [
 "sophon-config",
 "sophon-core",
]

[[package]]
name = "sophon-memory"
version = "0.1.0"
dependencies = [
 "sophon-config",
 "sophon-core",
]

[[package]]
name = "sophon-model"
version = "0.1.0"
dependencies = [
 "sophon-config",
 "sophon-core",
 "sophon-kan",
 "sophon-quant",
 "sophon-ssm",
 "sophon-verifier",
]

[[package]]
name = "sophon-optim"
version = "0.1.0"
dependencies = [
 "sophon-config",
 "sophon-core",
]

[[package]]
name = "sophon-planner"
version = "0.1.0"
dependencies = [
 "sophon-config",
 "sophon-core",
 "sophon-memory",
 "sophon-runtime",
]

[[package]]
name = "sophon-quant"
version = "0.1.0"
dependencies = [
 "sophon-config",
 "sophon-core",
 "sophon-kan",
 "sophon-ssm",
]

[[package]]
name = "sophon-runtime"
version = "0.1.0"
dependencies = [
 "sophon-config",
 "sophon-core",
]

[[package]]
name = "sophon-safety"
version = "0.1.0"
dependencies = [
 "sophon-config",
 "sophon-core",
]

[[package]]
name = "sophon-ssm"
version = "0.1.0"
dependencies = [
 "sophon-config",
 "sophon-core",
]

[[package]]
name = "sophon-swarm"
version = "0.1.0"
dependencies = [
 "sophon-config",
 "sophon-core",
 "sophon-kan",
 "sophon-loss",
 "sophon-model",
 "sophon-optim",
 "sophon-ssm",
 "sophon-train",
 "sophon-verifier",
]

[[package]]
name = "sophon-train"
version = "0.1.0"
dependencies = [
 "sophon-config",
 "sophon-core",
 "sophon-kan",
 "sophon-loss",
 "sophon-model",
 "sophon-optim",
 "sophon-ssm",
 "sophon-verifier",
]

[[package]]
name = "sophon-verifier"
version = "0.1.0"
dependencies = [
 "sophon-config",
 "sophon-core",
]
